adduser=3.137ubuntu1
alsa-topology-conf=1.2.5.1-2
alsa-ucm-conf=1.2.10-1ubuntu5.14
binutils=2.42-4ubuntu2.10
binutils-common:amd64=2.42-4ubuntu2.10
binutils-x86-64-linux-gnu=2.42-4ubuntu2.10
ca-certificates=20260601~24.04.1
dbus=1.14.10-4ubuntu4.1
dbus-bin=1.14.10-4ubuntu4.1
dbus-daemon=1.14.10-4ubuntu4.1
dbus-session-bus-common=1.14.10-4ubuntu4.1
dbus-system-bus-common=1.14.10-4ubuntu4.1
dns-root-data=2024071801~ubuntu0.24.04.1
dnsmasq=2.91-0ubuntu0.24.04.1
dnsmasq-base=2.91-0ubuntu0.24.04.1
fontconfig-config=2.15.0-1.1ubuntu2
fonts-dejavu-core=2.37-8
fonts-dejavu-mono=2.37-8
iproute2=6.1.0-1ubuntu6.4
iptables=1.8.10-3ubuntu2
libapparmor1:amd64=4.0.1really4.0.1-0ubuntu0.24.04.7
libasound2-data=1.2.11-1ubuntu0.3
libasound2t64:amd64=1.2.11-1ubuntu0.3
libasyncns0:amd64=0.8-6build4
libatm1t64:amd64=1:2.5.1-5.1build1
libbinutils:amd64=2.42-4ubuntu2.10
libbpf1:amd64=1:1.3.0-2build2
libbrotli1:amd64=1.1.0-2build2
libbsd0:amd64=0.12.1-1build1.1
libcap2-bin=1:2.66-5ubuntu2.4
libctf-nobfd0:amd64=2.42-4ubuntu2.10
libctf0:amd64=2.42-4ubuntu2.10
libdbus-1-3:amd64=1.14.10-4ubuntu4.1
libdrm-amdgpu1:amd64=2.4.125-1ubuntu0.1~24.04.2
libdrm-common=2.4.125-1ubuntu0.1~24.04.2
libdrm-intel1:amd64=2.4.125-1ubuntu0.1~24.04.2
libdrm2:amd64=2.4.125-1ubuntu0.1~24.04.2
libedit2:amd64=3.1-20230828-1build1
libegl-mesa0:amd64=25.2.8-0ubuntu0.24.04.2
libegl1:amd64=1.7.0-1build1
libelf1t64:amd64=0.190-1.1ubuntu0.1
libexpat1:amd64=2.6.1-2ubuntu0.5
libflac12t64:amd64=1.4.3+ds-2.1ubuntu2
libfontconfig1:amd64=2.15.0-1.1ubuntu2
libfreetype6:amd64=2.13.2+dfsg-1ubuntu0.1
libgbm1:amd64=25.2.8-0ubuntu0.24.04.2
libgl1-mesa-dri:amd64=25.2.8-0ubuntu0.24.04.2
libgl1:amd64=1.7.0-1build1
libglib2.0-0t64:amd64=2.80.0-6ubuntu3.9
libglib2.0-data=2.80.0-6ubuntu3.9
libglvnd0:amd64=1.7.0-1build1
libglx-mesa0:amd64=25.2.8-0ubuntu0.24.04.2
libglx0:amd64=1.7.0-1build1
libgprofng0:amd64=2.42-4ubuntu2.10
libicu74:amd64=74.2-1ubuntu3.1
libip4tc2:amd64=1.8.10-3ubuntu2
libip6tc2:amd64=1.8.10-3ubuntu2
libjansson4:amd64=2.14-2build2
libllvm20:amd64=1:20.1.2-0ubuntu1~24.04.3
libmnl0:amd64=1.0.5-2build1
libmp3lame0:amd64=3.100-6build1
libmpg123-0t64:amd64=1.32.5-1ubuntu1.1
libnetfilter-conntrack3:amd64=1.0.9-6build1
libnfnetlink0:amd64=1.0.2-2build1
libnftables1:amd64=1.0.9-1ubuntu0.1
libnftnl11:amd64=1.2.6-2build1
libnspr4:amd64=2:4.35-1.1build1
libnss3:amd64=2:3.98-1ubuntu0.2
libogg0:amd64=1.3.5-3build1
libopus0:amd64=1.4-1build1
libpam-cap:amd64=1:2.66-5ubuntu2.4
libpciaccess0:amd64=0.17-3ubuntu0.24.04.2
libpng16-16t64:amd64=1.6.43-5ubuntu0.6
libpulse0:amd64=1:16.1+dfsg1-2ubuntu10.1
libpython3-stdlib:amd64=3.12.3-0ubuntu2.1
libpython3.12-minimal:amd64=3.12.3-1ubuntu0.17
libpython3.12-stdlib:amd64=3.12.3-1ubuntu0.17
libreadline8t64:amd64=8.2-4build1
libsensors-config=1:3.6.0-9build1
libsensors5:amd64=1:3.6.0-9build1
libsframe1:amd64=2.42-4ubuntu2.10
libsndfile1:amd64=1.2.2-1ubuntu5.24.04.1
libsqlite3-0:amd64=3.45.1-1ubuntu2.8
libunwind8:amd64=1.6.2-3build1.1
libvorbis0a:amd64=1.3.7-1build3
libvorbisenc2:amd64=1.3.7-1build3
libvulkan1:amd64=1.3.275.0-1build1
libwayland-client0:amd64=1.22.0-2.1build1
libwayland-server0:amd64=1.22.0-2.1build1
libx11-6:amd64=2:1.8.7-1build1
libx11-data=2:1.8.7-1build1
libx11-xcb1:amd64=2:1.8.7-1build1
libxau6:amd64=1:1.0.9-1build6
libxcb-dri3-0:amd64=1.15-1ubuntu2
libxcb-glx0:amd64=1.15-1ubuntu2
libxcb-present0:amd64=1.15-1ubuntu2
libxcb-randr0:amd64=1.15-1ubuntu2
libxcb-shm0:amd64=1.15-1ubuntu2
libxcb-sync1:amd64=1.15-1ubuntu2
libxcb-xfixes0:amd64=1.15-1ubuntu2
libxcb-xkb1:amd64=1.15-1ubuntu2
libxcb1:amd64=1.15-1ubuntu2
libxcomposite1:amd64=1:0.4.5-1build3
libxcursor1:amd64=1:1.2.1-1build1
libxdamage1:amd64=1:1.1.6-1build1
libxdmcp6:amd64=1:1.1.3-0ubuntu6
libxext6:amd64=2:1.3.4-1build2
libxfixes3:amd64=1:6.0.0-2build1
libxi6:amd64=2:1.8.1-1build1
libxkbcommon-x11-0:amd64=1.6.0-1build1
libxkbcommon0:amd64=1.6.0-1build1
libxml2:amd64=2.9.14+dfsg-1.3ubuntu3.9
libxrandr2:amd64=2:1.5.2-2build1
libxrender1:amd64=1:0.9.10-1.1build1
libxshmfence1:amd64=1.3-1build5
libxtables12:amd64=1.8.10-3ubuntu2
libxxf86vm1:amd64=1:1.1.4-1build4
media-types=10.1.0
mesa-libgallium:amd64=25.2.8-0ubuntu0.24.04.2
mesa-vulkan-drivers:amd64=25.2.8-0ubuntu0.24.04.2
netbase=6.4
nftables=1.0.9-1ubuntu0.1
openssl=3.0.13-0ubuntu3.15
python3=3.12.3-0ubuntu2.1
python3-minimal=3.12.3-0ubuntu2.1
python3.12=3.12.3-1ubuntu0.17
python3.12-minimal=3.12.3-1ubuntu0.17
readline-common=8.2-4build1
shared-mime-info=2.4-4
strace=6.8-0ubuntu2
tzdata=2026c-0ubuntu0.24.04.1
xdg-user-dirs=0.18-1build1
xkb-data=2.41-2ubuntu1.1
